// !$*UTF8*$!
{
	archiveVersion = 1;
	classes = {
	};
	objectVersion = 56;
	objects = {

/* Begin PBXBuildFile section */
		3F4A47E32AB8859800D6C6EB /* AppDelegate.swift in Sources */ = {isa = PBXBuildFile; fileRef = 3F4A47E22AB8859800D6C6EB /* AppDelegate.swift */; };
		3F4A47E52AB8859800D6C6EB /* SceneDelegate.swift in Sources */ = {isa = PBXBuildFile; fileRef = 3F4A47E42AB8859800D6C6EB /* SceneDelegate.swift */; };
		3F4A47E72AB8859800D6C6EB /* LoginViewController.swift in Sources */ = {isa = PBXBuildFile; fileRef = 3F4A47E62AB8859800D6C6EB /* LoginViewController.swift */; };
		3F4A47EC2AB8859A00D6C6EB /* Assets.xcassets in Resources */ = {isa = PBXBuildFile; fileRef = 3F4A47EB2AB8859A00D6C6EB /* Assets.xcassets */; };
		3F4A47F72AB8867600D6C6EB /* LoginViewModel.swift in Sources */ = {isa = PBXBuildFile; fileRef = 3F4A47F62AB8867600D6C6EB /* LoginViewModel.swift */; };
		3F4A47FA2AB886B400D6C6EB /* LoginView.swift in Sources */ = {isa = PBXBuildFile; fileRef = 3F4A47F92AB886B300D6C6EB /* LoginView.swift */; };
		3F4A47FD2AB886C900D6C6EB /* SnapKit in Frameworks */ = {isa = PBXBuildFile; productRef = 3F4A47FC2AB886C900D6C6EB /* SnapKit */; };
		3F4A47FF2AB886E000D6C6EB /* BaseView.swift in Sources */ = {isa = PBXBuildFile; fileRef = 3F4A47FE2AB886E000D6C6EB /* BaseView.swift */; };
		3F4A48012AB89D9A00D6C6EB /* Observable.swift in Sources */ = {isa = PBXBuildFile; fileRef = 3F4A48002AB89D9A00D6C6EB /* Observable.swift */; };
		3F4A48042AB8AA8400D6C6EB /* APIService.swift in Sources */ = {isa = PBXBuildFile; fileRef = 3F4A48032AB8AA8400D6C6EB /* APIService.swift */; };
		3F4A48072AB8AAA100D6C6EB /* .gitignore in Resources */ = {isa = PBXBuildFile; fileRef = 3F4A48062AB8AAA100D6C6EB /* .gitignore */; };
		3F4A48092AB8AABA00D6C6EB /* APIKey.swift in Sources */ = {isa = PBXBuildFile; fileRef = 3F4A48082AB8AABA00D6C6EB /* APIKey.swift */; };
		3F4A480C2AB8AB1100D6C6EB /* Alamofire in Frameworks */ = {isa = PBXBuildFile; productRef = 3F4A480B2AB8AB1100D6C6EB /* Alamofire */; };
		3F4A480E2AB8ACD400D6C6EB /* UnsplashData.swift in Sources */ = {isa = PBXBuildFile; fileRef = 3F4A480D2AB8ACD400D6C6EB /* UnsplashData.swift */; };
		3F4A48102AB8B3D500D6C6EB /* PhotoViewController.swift in Sources */ = {isa = PBXBuildFile; fileRef = 3F4A480F2AB8B3D500D6C6EB /* PhotoViewController.swift */; };
		3F4A48122AB8B49300D6C6EB /* PhotoView.swift in Sources */ = {isa = PBXBuildFile; fileRef = 3F4A48112AB8B49300D6C6EB /* PhotoView.swift */; };
		3F4A48162AB8B61000D6C6EB /* Kingfisher in Frameworks */ = {isa = PBXBuildFile; productRef = 3F4A48152AB8B61000D6C6EB /* Kingfisher */; };
		3F4A48182AB8BD1B00D6C6EB /* Type.swift in Sources */ = {isa = PBXBuildFile; fileRef = 3F4A48172AB8BD1B00D6C6EB /* Type.swift */; };
/* End PBXBuildFile section */

/* Begin PBXFileReference section */
		3F4A47DF2AB8859800D6C6EB /* MVVMProject.app */ = {isa = PBXFileReference; explicitFileType = wrapper.application; includeInIndex = 0; path = MVVMProject.app; sourceTree = BUILT_PRODUCTS_DIR; };
		3F4A47E22AB8859800D6C6EB /* AppDelegate.swift */ = {isa = PBXFileReference; lastKnownFileType = sourcecode.swift; path = AppDelegate.swift; sourceTree = "<group>"; };
		3F4A47E42AB8859800D6C6EB /* SceneDelegate.swift */ = {isa = PBXFileReference; lastKnownFileType = sourcecode.swift; path = SceneDelegate.swift; sourceTree = "<group>"; };
		3F4A47E62AB8859800D6C6EB /* LoginViewController.swift */ = {isa = PBXFileReference; lastKnownFileType = sourcecode.swift; path = LoginViewController.swift; sourceTree = "<group>"; };
		3F4A47EB2AB8859A00D6C6EB /* Assets.xcassets */ = {isa = PBXFileReference; lastKnownFileType = folder.assetcatalog; path = Assets.xcassets; sourceTree = "<group>"; };
		3F4A47F02AB8859A00D6C6EB /* Info.plist */ = {isa = PBXFileReference; lastKnownFileType = text.plist.xml; path = Info.plist; sourceTree = "<group>"; };
		3F4A47F62AB8867600D6C6EB /* LoginViewModel.swift */ = {isa = PBXFileReference; lastKnownFileType = sourcecode.swift; path = LoginViewModel.swift; sourceTree = "<group>"; };
		3F4A47F92AB886B300D6C6EB /* LoginView.swift */ = {isa = PBXFileReference; lastKnownFileType = sourcecode.swift; path = LoginView.swift; sourceTree = "<group>"; };
		3F4A47FE2AB886E000D6C6EB /* BaseView.swift */ = {isa = PBXFileReference; lastKnownFileType = sourcecode.swift; path = BaseView.swift; sourceTree = "<group>"; };
		3F4A48002AB89D9A00D6C6EB /* Observable.swift */ = {isa = PBXFileReference; lastKnownFileType = sourcecode.swift; path = Observable.swift; sourceTree = "<group>"; };
		3F4A48032AB8AA8400D6C6EB /* APIService.swift */ = {isa = PBXFileReference; lastKnownFileType = sourcecode.swift; path = APIService.swift; sourceTree = "<group>"; };
		3F4A48062AB8AAA100D6C6EB /* .gitignore */ = {isa = PBXFileReference; lastKnownFileType = text; path = .gitignore; sourceTree = "<group>"; };
		3F4A48082AB8AABA00D6C6EB /* APIKey.swift */ = {isa = PBXFileReference; lastKnownFileType = sourcecode.swift; path = APIKey.swift; sourceTree = "<group>"; };
		3F4A480D2AB8ACD400D6C6EB /* UnsplashData.swift */ = {isa = PBXFileReference; lastKnownFileType = sourcecode.swift; path = UnsplashData.swift; sourceTree = "<group>"; };
		3F4A480F2AB8B3D500D6C6EB /* PhotoViewController.swift */ = {isa = PBXFileReference; lastKnownFileType = sourcecode.swift; path = PhotoViewController.swift; sourceTree = "<group>"; };
		3F4A48112AB8B49300D6C6EB /* PhotoView.swift */ = {isa = PBXFileReference; lastKnownFileType = sourcecode.swift; path = PhotoView.swift; sourceTree = "<group>"; };
		3F4A48172AB8BD1B00D6C6EB /* Type.swift */ = {isa = PBXFileReference; lastKnownFileType = sourcecode.swift; path = Type.swift; sourceTree = "<group>"; };
/* End PBXFileReference section */

/* Begin PBXFrameworksBuildPhase section */
		3F4A47DC2AB8859800D6C6EB /* Frameworks */ = {
			isa = PBXFrameworksBuildPhase;
			buildActionMask = 2147483647;
			files = (
				3F4A48162AB8B61000D6C6EB /* Kingfisher in Frameworks */,
				3F4A47FD2AB886C900D6C6EB /* SnapKit in Frameworks */,
				3F4A480C2AB8AB1100D6C6EB /* Alamofire in Frameworks */,
			);
			runOnlyForDeploymentPostprocessing = 0;
		};
/* End PBXFrameworksBuildPhase section */

/* Begin PBXGroup section */
		3F4A47D62AB8859800D6C6EB = {
			isa = PBXGroup;
			children = (
				3F4A47E12AB8859800D6C6EB /* MVVMProject */,
				3F4A47E02AB8859800D6C6EB /* Products */,
			);
			sourceTree = "<group>";
		};
		3F4A47E02AB8859800D6C6EB /* Products */ = {
			isa = PBXGroup;
			children = (
				3F4A47DF2AB8859800D6C6EB /* MVVMProject.app */,
			);
			name = Products;
			sourceTree = "<group>";
		};
		3F4A47E12AB8859800D6C6EB /* MVVMProject */ = {
			isa = PBXGroup;
			children = (
				3F4A47FE2AB886E000D6C6EB /* BaseView.swift */,
				3F4A48002AB89D9A00D6C6EB /* Observable.swift */,
				3F4A47F82AB8868000D6C6EB /* LoginView */,
				3F4A48132AB8B5B000D6C6EB /* PhotoView */,
				3F4A47E22AB8859800D6C6EB /* AppDelegate.swift */,
				3F4A47E42AB8859800D6C6EB /* SceneDelegate.swift */,
				3F4A47EB2AB8859A00D6C6EB /* Assets.xcassets */,
				3F4A47F02AB8859A00D6C6EB /* Info.plist */,
				3F4A48052AB8AA8C00D6C6EB /* API */,
				3F4A48172AB8BD1B00D6C6EB /* Type.swift */,
			);
			path = MVVMProject;
			sourceTree = "<group>";
		};
		3F4A47F82AB8868000D6C6EB /* LoginView */ = {
			isa = PBXGroup;
			children = (
				3F4A47E62AB8859800D6C6EB /* LoginViewController.swift */,
				3F4A47F62AB8867600D6C6EB /* LoginViewModel.swift */,
				3F4A47F92AB886B300D6C6EB /* LoginView.swift */,
			);
			path = LoginView;
			sourceTree = "<group>";
		};
		3F4A48052AB8AA8C00D6C6EB /* API */ = {
			isa = PBXGroup;
			children = (
				3F4A48082AB8AABA00D6C6EB /* APIKey.swift */,
				3F4A480D2AB8ACD400D6C6EB /* UnsplashData.swift */,
				3F4A48032AB8AA8400D6C6EB /* APIService.swift */,
				3F4A48062AB8AAA100D6C6EB /* .gitignore */,
			);
			path = API;
			sourceTree = "<group>";
		};
		3F4A48132AB8B5B000D6C6EB /* PhotoView */ = {
			isa = PBXGroup;
			children = (
				3F4A480F2AB8B3D500D6C6EB /* PhotoViewController.swift */,
				3F4A48112AB8B49300D6C6EB /* PhotoView.swift */,
			);
			path = PhotoView;
			sourceTree = "<group>";
		};
/* End PBXGroup section */

/* Begin PBXNativeTarget section */
		3F4A47DE2AB8859800D6C6EB /* MVVMProject */ = {
			isa = PBXNativeTarget;
			buildConfigurationList = 3F4A47F32AB8859A00D6C6EB /* Build configuration list for PBXNativeTarget "MVVMProject" */;
			buildPhases = (
				3F4A47DB2AB8859800D6C6EB /* Sources */,
				3F4A47DC2AB8859800D6C6EB /* Frameworks */,
				3F4A47DD2AB8859800D6C6EB /* Resources */,
			);
			buildRules = (
			);
			dependencies = (
			);
			name = MVVMProject;
			packageProductDependencies = (
				3F4A47FC2AB886C900D6C6EB /* SnapKit */,
				3F4A480B2AB8AB1100D6C6EB /* Alamofire */,
				3F4A48152AB8B61000D6C6EB /* Kingfisher */,
			);
			productName = MVVMProject;
			productReference = 3F4A47DF2AB8859800D6C6EB /* MVVMProject.app */;
			productType = "com.apple.product-type.application";
		};
/* End PBXNativeTarget section */

/* Begin PBXProject section */
		3F4A47D72AB8859800D6C6EB /* Project object */ = {
			isa = PBXProject;
			attributes = {
				BuildIndependentTargetsInParallel = 1;
				LastSwiftUpdateCheck = 1430;
				LastUpgradeCheck = 1430;
				TargetAttributes = {
					3F4A47DE2AB8859800D6C6EB = {
						CreatedOnToolsVersion = 14.3;
					};
				};
			};
			buildConfigurationList = 3F4A47DA2AB8859800D6C6EB /* Build configuration list for PBXProject "MVVMProject" */;
			compatibilityVersion = "Xcode 14.0";
			developmentRegion = en;
			hasScannedForEncodings = 0;
			knownRegions = (
				en,
				Base,
			);
			mainGroup = 3F4A47D62AB8859800D6C6EB;
			packageReferences = (
				3F4A47FB2AB886C900D6C6EB /* XCRemoteSwiftPackageReference "SnapKit" */,
				3F4A480A2AB8AB1100D6C6EB /* XCRemoteSwiftPackageReference "Alamofire" */,
				3F4A48142AB8B61000D6C6EB /* XCRemoteSwiftPackageReference "Kingfisher" */,
			);
			productRefGroup = 3F4A47E02AB8859800D6C6EB /* Products */;
			projectDirPath = "";
			projectRoot = "";
			targets = (
				3F4A47DE2AB8859800D6C6EB /* MVVMProject */,
			);
		};
/* End PBXProject section */

/* Begin PBXResourcesBuildPhase section */
		3F4A47DD2AB8859800D6C6EB /* Resources */ = {
			isa = PBXResourcesBuildPhase;
			buildActionMask = 2147483647;
			files = (
				3F4A47EC2AB8859A00D6C6EB /* Assets.xcassets in Resources */,
				3F4A48072AB8AAA100D6C6EB /* .gitignore in Resources */,
			);
			runOnlyForDeploymentPostprocessing = 0;
		};
/* End PBXResourcesBuildPhase section */

/* Begin PBXSourcesBuildPhase section */
		3F4A47DB2AB8859800D6C6EB /* Sources */ = {
			isa = PBXSourcesBuildPhase;
			buildActionMask = 2147483647;
			files = (
				3F4A47F72AB8867600D6C6EB /* LoginViewModel.swift in Sources */,
				3F4A47E72AB8859800D6C6EB /* LoginViewController.swift in Sources */,
				3F4A47E32AB8859800D6C6EB /* AppDelegate.swift in Sources */,
				3F4A48122AB8B49300D6C6EB /* PhotoView.swift in Sources */,
				3F4A480E2AB8ACD400D6C6EB /* UnsplashData.swift in Sources */,
				3F4A48012AB89D9A00D6C6EB /* Observable.swift in Sources */,
				3F4A47FA2AB886B400D6C6EB /* LoginView.swift in Sources */,
				3F4A48182AB8BD1B00D6C6EB /* Type.swift in Sources */,
				3F4A47E52AB8859800D6C6EB /* SceneDelegate.swift in Sources */,
				3F4A48042AB8AA8400D6C6EB /* APIService.swift in Sources */,
				3F4A48092AB8AABA00D6C6EB /* APIKey.swift in Sources */,
				3F4A47FF2AB886E000D6C6EB /* BaseView.swift in Sources */,
				3F4A48102AB8B3D500D6C6EB /* PhotoViewController.swift in Sources */,
			);
			runOnlyForDeploymentPostprocessing = 0;
		};
/* End PBXSourcesBuildPhase section */

/* Begin XCBuildConfiguration section */
		3F4A47F12AB8859A00D6C6EB /* Debug */ = {
			isa = XCBuildConfiguration;
			buildSettings = {
				ALWAYS_SEARCH_USER_PATHS = NO;
				CLANG_ANALYZER_NONNULL = YES;
				CLANG_ANALYZER_NUMBER_OBJECT_CONVERSION = YES_AGGRESSIVE;
				CLANG_CXX_LANGUAGE_STANDARD = "gnu++20";
				CLANG_ENABLE_MODULES = YES;
				CLANG_ENABLE_OBJC_ARC = YES;
				CLANG_ENABLE_OBJC_WEAK = YES;
				CLANG_WARN_BLOCK_CAPTURE_AUTORELEASING = YES;
				CLANG_WARN_BOOL_CONVERSION = YES;
				CLANG_WARN_COMMA = YES;
				CLANG_WARN_CONSTANT_CONVERSION = YES;
				CLANG_WARN_DEPRECATED_OBJC_IMPLEMENTATIONS = YES;
				CLANG_WARN_DIRECT_OBJC_ISA_USAGE = YES_ERROR;
				CLANG_WARN_DOCUMENTATION_COMMENTS = YES;
				CLANG_WARN_EMPTY_BODY = YES;
				CLANG_WARN_ENUM_CONVERSION = YES;
				CLANG_WARN_INFINITE_RECURSION = YES;
				CLANG_WARN_INT_CONVERSION = YES;
				CLANG_WARN_NON_LITERAL_NULL_CONVERSION = YES;
				CLANG_WARN_OBJC_IMPLICIT_RETAIN_SELF = YES;
				CLANG_WARN_OBJC_LITERAL_CONVERSION = YES;
				CLANG_WARN_OBJC_ROOT_CLASS = YES_ERROR;
				CLANG_WARN_QUOTED_INCLUDE_IN_FRAMEWORK_HEADER = YES;
				CLANG_WARN_RANGE_LOOP_ANALYSIS = YES;
				CLANG_WARN_STRICT_PROTOTYPES = YES;
				CLANG_WARN_SUSPICIOUS_MOVE = YES;
				CLANG_WARN_UNGUARDED_AVAILABILITY = YES_AGGRESSIVE;
				CLANG_WARN_UNREACHABLE_CODE = YES;
				CLANG_WARN__DUPLICATE_METHOD_MATCH = YES;
				COPY_PHASE_STRIP = NO;
				DEBUG_INFORMATION_FORMAT = dwarf;
				ENABLE_STRICT_OBJC_MSGSEND = YES;
				ENABLE_TESTABILITY = YES;
				GCC_C_LANGUAGE_STANDARD = gnu11;
				GCC_DYNAMIC_NO_PIC = NO;
				GCC_NO_COMMON_BLOCKS = YES;
				GCC_OPTIMIZATION_LEVEL = 0;
				GCC_PREPROCESSOR_DEFINITIONS = (
					"DEBUG=1",
					"$(inherited)",
				);
				GCC_WARN_64_TO_32_BIT_CONVERSION = YES;
				GCC_WARN_ABOUT_RETURN_TYPE = YES_ERROR;
				GCC_WARN_UNDECLARED_SELECTOR = YES;
				GCC_WARN_UNINITIALIZED_AUTOS = YES_AGGRESSIVE;
				GCC_WARN_UNUSED_FUNCTION = YES;
				GCC_WARN_UNUSED_VARIABLE = YES;
				IPHONEOS_DEPLOYMENT_TARGET = 16.4;
				MTL_ENABLE_DEBUG_INFO = INCLUDE_SOURCE;
				MTL_FAST_MATH = YES;
				ONLY_ACTIVE_ARCH = YES;
				SDKROOT = iphoneos;
				SWIFT_ACTIVE_COMPILATION_CONDITIONS = DEBUG;
				SWIFT_OPTIMIZATION_LEVEL = "-Onone";
			};
			name = Debug;
		};
		3F4A47F22AB8859A00D6C6EB /* Release */ = {
			isa = XCBuildConfiguration;
			buildSettings = {
				ALWAYS_SEARCH_USER_PATHS = NO;
				CLANG_ANALYZER_NONNULL = YES;
				CLANG_ANALYZER_NUMBER_OBJECT_CONVERSION = YES_AGGRESSIVE;
				CLANG_CXX_LANGUAGE_STANDARD = "gnu++20";
				CLANG_ENABLE_MODULES = YES;
				CLANG_ENABLE_OBJC_ARC = YES;
				CLANG_ENABLE_OBJC_WEAK = YES;
				CLANG_WARN_BLOCK_CAPTURE_AUTORELEASING = YES;
				CLANG_WARN_BOOL_CONVERSION = YES;
				CLANG_WARN_COMMA = YES;
				CLANG_WARN_CONSTANT_CONVERSION = YES;
				CLANG_WARN_DEPRECATED_OBJC_IMPLEMENTATIONS = YES;
				CLANG_WARN_DIRECT_OBJC_ISA_USAGE = YES_ERROR;
				CLANG_WARN_DOCUMENTATION_COMMENTS = YES;
				CLANG_WARN_EMPTY_BODY = YES;
				CLANG_WARN_ENUM_CONVERSION = YES;
				CLANG_WARN_INFINITE_RECURSION = YES;
				CLANG_WARN_INT_CONVERSION = YES;
				CLANG_WARN_NON_LITERAL_NULL_CONVERSION = YES;
				CLANG_WARN_OBJC_IMPLICIT_RETAIN_SELF = YES;
				CLANG_WARN_OBJC_LITERAL_CONVERSION = YES;
				CLANG_WARN_OBJC_ROOT_CLASS = YES_ERROR;
				CLANG_WARN_QUOTED_INCLUDE_IN_FRAMEWORK_HEADER = YES;
				CLANG_WARN_RANGE_LOOP_ANALYSIS = YES;
				CLANG_WARN_STRICT_PROTOTYPES = YES;
				CLANG_WARN_SUSPICIOUS_MOVE = YES;
				CLANG_WARN_UNGUARDED_AVAILABILITY = YES_AGGRESSIVE;
				CLANG_WARN_UNREACHABLE_CODE = YES;
				CLANG_WARN__DUPLICATE_METHOD_MATCH = YES;
				COPY_PHASE_STRIP = NO;
				DEBUG_INFORMATION_FORMAT = "dwarf-with-dsym";
				ENABLE_NS_ASSERTIONS = NO;
				ENABLE_STRICT_OBJC_MSGSEND = YES;
				GCC_C_LANGUAGE_STANDARD = gnu11;
				GCC_NO_COMMON_BLOCKS = YES;
				GCC_WARN_64_TO_32_BIT_CONVERSION = YES;
				GCC_WARN_ABOUT_RETURN_TYPE = YES_ERROR;
				GCC_WARN_UNDECLARED_SELECTOR = YES;
				GCC_WARN_UNINITIALIZED_AUTOS = YES_AGGRESSIVE;
				GCC_WARN_UNUSED_FUNCTION = YES;
				GCC_WARN_UNUSED_VARIABLE = YES;
				IPHONEOS_DEPLOYMENT_TARGET = 16.4;
				MTL_ENABLE_DEBUG_INFO = NO;
				MTL_FAST_MATH = YES;
				SDKROOT = iphoneos;
				SWIFT_COMPILATION_MODE = wholemodule;
				SWIFT_OPTIMIZATION_LEVEL = "-O";
				VALIDATE_PRODUCT = YES;
			};
			name = Release;
		};
		3F4A47F42AB8859A00D6C6EB /* Debug */ = {
			isa = XCBuildConfiguration;
			buildSettings = {
				ASSETCATALOG_COMPILER_APPICON_NAME = AppIcon;
				ASSETCATALOG_COMPILER_GLOBAL_ACCENT_COLOR_NAME = AccentColor;
				CODE_SIGN_STYLE = Automatic;
				CURRENT_PROJECT_VERSION = 1;
				DEVELOPMENT_TEAM = NFCS5T44FS;
				GENERATE_INFOPLIST_FILE = YES;
				INFOPLIST_FILE = MVVMProject/Info.plist;
				INFOPLIST_KEY_UIApplicationSupportsIndirectInputEvents = YES;
				INFOPLIST_KEY_UILaunchStoryboardName = LaunchScreen;
				INFOPLIST_KEY_UISupportedInterfaceOrientations_iPad = "UIInterfaceOrientationPortrait UIInterfaceOrientationPortraitUpsideDown UIInterfaceOrientationLandscapeLeft UIInterfaceOrientationLandscapeRight";
				INFOPLIST_KEY_UISupportedInterfaceOrientations_iPhone = "UIInterfaceOrientationPortrait UIInterfaceOrientationLandscapeLeft UIInterfaceOrientationLandscapeRight";
				IPHONEOS_DEPLOYMENT_TARGET = 16.0;
				LD_RUNPATH_SEARCH_PATHS = (
					"$(inherited)",
					"@executable_path/Frameworks",
				);
				MARKETING_VERSION = 1.0;
				PRODUCT_BUNDLE_IDENTIFIER = com.hany.MVVMProject;
				PRODUCT_NAME = "$(TARGET_NAME)";
				SUPPORTED_PLATFORMS = "iphoneos iphonesimulator";
				SUPPORTS_MACCATALYST = NO;
				SUPPORTS_MAC_DESIGNED_FOR_IPHONE_IPAD = NO;
				SWIFT_EMIT_LOC_STRINGS = YES;
				SWIFT_VERSION = 5.0;
				TARGETED_DEVICE_FAMILY = 1;
			};
			name = Debug;
		};
		3F4A47F52AB8859A00D6C6EB /* Release */ = {
			isa = XCBuildConfiguration;
			buildSettings = {
				ASSETCATALOG_COMPILER_APPICON_NAME = AppIcon;
				ASSETCATALOG_COMPILER_GLOBAL_ACCENT_COLOR_NAME = AccentColor;
				CODE_SIGN_STYLE = Automatic;
				CURRENT_PROJECT_VERSION = 1;
				DEVELOPMENT_TEAM = NFCS5T44FS;
				GENERATE_INFOPLIST_FILE = YES;
				INFOPLIST_FILE = MVVMProject/Info.plist;
				INFOPLIST_KEY_UIApplicationSupportsIndirectInputEvents = YES;
				INFOPLIST_KEY_UILaunchStoryboardName = LaunchScreen;
				INFOPLIST_KEY_UISupportedInterfaceOrientations_iPad = "UIInterfaceOrientationPortrait UIInterfaceOrientationPortraitUpsideDown UIInterfaceOrientationLandscapeLeft UIInterfaceOrientationLandscapeRight";
				INFOPLIST_KEY_UISupportedInterfaceOrientations_iPhone = "UIInterfaceOrientationPortrait UIInterfaceOrientationLandscapeLeft UIInterfaceOrientationLandscapeRight";
				IPHONEOS_DEPLOYMENT_TARGET = 16.0;
				LD_RUNPATH_SEARCH_PATHS = (
					"$(inherited)",
					"@executable_path/Frameworks",
				);
				MARKETING_VERSION = 1.0;
				PRODUCT_BUNDLE_IDENTIFIER = com.hany.MVVMProject;
				PRODUCT_NAME = "$(TARGET_NAME)";
				SUPPORTED_PLATFORMS = "iphoneos iphonesimulator";
				SUPPORTS_MACCATALYST = NO;
				SUPPORTS_MAC_DESIGNED_FOR_IPHONE_IPAD = NO;
				SWIFT_EMIT_LOC_STRINGS = YES;
				SWIFT_VERSION = 5.0;
				TARGETED_DEVICE_FAMILY = 1;
			};
			name = Release;
		};
/* End XCBuildConfiguration section */

/* Begin XCConfigurationList section */
		3F4A47DA2AB8859800D6C6EB /* Build configuration list for PBXProject "MVVMProject" */ = {
			isa = XCConfigurationList;
			buildConfigurations = (
				3F4A47F12AB8859A00D6C6EB /* Debug */,
				3F4A47F22AB8859A00D6C6EB /* Release */,
			);
			defaultConfigurationIsVisible = 0;
			defaultConfigurationName = Release;
		};
		3F4A47F32AB8859A00D6C6EB /* Build configuration list for PBXNativeTarget "MVVMProject" */ = {
			isa = XCConfigurationList;
			buildConfigurations = (
				3F4A47F42AB8859A00D6C6EB /* Debug */,
				3F4A47F52AB8859A00D6C6EB /* Release */,
			);
			defaultConfigurationIsVisible = 0;
			defaultConfigurationName = Release;
		};
/* End XCConfigurationList section */

/* Begin XCRemoteSwiftPackageReference section */
		3F4A47FB2AB886C900D6C6EB /* XCRemoteSwiftPackageReference "SnapKit" */ = {
			isa = XCRemoteSwiftPackageReference;
			repositoryURL = "https://github.com/SnapKit/SnapKit";
			requirement = {
				kind = upToNextMajorVersion;
				minimumVersion = 5.0.0;
			};
		};
		3F4A480A2AB8AB1100D6C6EB /* XCRemoteSwiftPackageReference "Alamofire" */ = {
			isa = XCRemoteSwiftPackageReference;
			repositoryURL = "https://github.com/Alamofire/Alamofire";
			requirement = {
				kind = upToNextMajorVersion;
				minimumVersion = 5.0.0;
			};
		};
		3F4A48142AB8B61000D6C6EB /* XCRemoteSwiftPackageReference "Kingfisher" */ = {
			isa = XCRemoteSwiftPackageReference;
			repositoryURL = "https://github.com/onevcat/Kingfisher";
			requirement = {
				kind = upToNextMajorVersion;
				minimumVersion = 7.0.0;
			};
		};
/* End XCRemoteSwiftPackageReference section */

/* Begin XCSwiftPackageProductDependency section */
		3F4A47FC2AB886C900D6C6EB /* SnapKit */ = {
			isa = XCSwiftPackageProductDependency;
			package = 3F4A47FB2AB886C900D6C6EB /* XCRemoteSwiftPackageReference "SnapKit" */;
			productName = SnapKit;
		};
		3F4A480B2AB8AB1100D6C6EB /* Alamofire */ = {
			isa = XCSwiftPackageProductDependency;
			package = 3F4A480A2AB8AB1100D6C6EB /* XCRemoteSwiftPackageReference "Alamofire" */;
			productName = Alamofire;
		};
		3F4A48152AB8B61000D6C6EB /* Kingfisher */ = {
			isa = XCSwiftPackageProductDependency;
			package = 3F4A48142AB8B61000D6C6EB /* XCRemoteSwiftPackageReference "Kingfisher" */;
			productName = Kingfisher;
		};
/* End XCSwiftPackageProductDependency section */
	};
	rootObject = 3F4A47D72AB8859800D6C6EB /* Project object */;
}
